
Microsoft Visual Studio Solution File, Format Version 12.00
# Visual Studio 14
VisualStudioVersion = 14.0.23107.0
MinimumVisualStudioVersion = 10.0.40219.1
Project("{FAE04EC0-301F-11D3-BF4B-00C04F79EFBC}") = "DropBoxClient", "DropBoxClient\DropBoxClient.csproj", "{3E76EA08-4E42-4C5D-8C44-4A358D1B4215}"
EndProject
Project("{54435603-DBB4-11D2-8724-00A0C9A8B90C}") = "DropBoxClient_Setup", "DropBoxClient_Setup\DropBoxClient_Setup.vdproj", "{FDAC9746-35D6-452B-9367-569C5196A00A}"
EndProject
Global
	GlobalSection(SolutionConfigurationPlatforms) = preSolution
		Debug|Any CPU = Debug|Any CPU
		Release|Any CPU = Release|Any CPU
	EndGlobalSection
	GlobalSection(ProjectConfigurationPlatforms) = postSolution
		{3E76EA08-4E42-4C5D-8C44-4A358D1B4215}.Debug|Any CPU.ActiveCfg = Debug|Any CPU
		{3E76EA08-4E42-4C5D-8C44-4A358D1B4215}.Debug|Any CPU.Build.0 = Debug|Any CPU
		{3E76EA08-4E42-4C5D-8C44-4A358D1B4215}.Release|Any CPU.ActiveCfg = Release|Any CPU
		{3E76EA08-4E42-4C5D-8C44-4A358D1B4215}.Release|Any CPU.Build.0 = Release|Any CPU
		{FDAC9746-35D6-452B-9367-569C5196A00A}.Debug|Any CPU.ActiveCfg = Debug
		{FDAC9746-35D6-452B-9367-569C5196A00A}.Release|Any CPU.ActiveCfg = Release
	EndGlobalSection
	GlobalSection(SolutionProperties) = preSolution
		HideSolutionNode = FALSE
	EndGlobalSection
EndGlobal
